# The wheels app/build.sh installs into the bundle, by SHA-256.
# Written by `STAGE=lock app/build.sh` from requirements.txt, resolved with the
# interpreter and platform the app is built with: CPython 3.12, macOS arm64.
# Do not edit by hand, and regenerate it whenever requirements.txt changes.
# A checkout installs from requirements.txt instead; this is for the DMG.
#
# The lines that name a wheel by URL are the exception: those wheels are not on
# PyPI, app/tools/build-opencv.sh makes them, and regenerating this file keeps
# them exactly as they are. See that script for why, and RELEASING.md for when.

# absl_py-2.5.0-py3-none-any.whl
absl-py==2.5.0 \
    --hash=sha256:0f17b89f2a4eaaedc4f28c622998aa690564b3012a396a4ffad0821007fe03ba
# anyio-4.15.1-py3-none-any.whl
anyio==4.15.1 \
    --hash=sha256:6152fdbbf9a77fdec97731721bebf7c4c44f7c29b424b0065826173efc7ed101
# attrs-26.1.0-py3-none-any.whl
attrs==26.1.0 \
    --hash=sha256:c647aa4a12dfbad9333ca4e71fe62ddc36f4e63b2d260a37a8b83d2f043ac309
# certifi-2026.7.22-py3-none-any.whl
certifi==2026.7.22 \
    --hash=sha256:62f22742b58a1a33014a2b6b706588a8d7e2a88ae7bd1a6ebe8c992928483775
# cffi-2.1.1-cp312-cp312-macosx_11_0_arm64.whl
cffi==2.1.1 \
    --hash=sha256:f81b3b8f3d4e343550fa4baa0e479bba9f2d29ce9c2e9b51d1ce1718d7442fcf
# click-8.5.0-py3-none-any.whl
click==8.5.0 \
    --hash=sha256:255bc9599cf7748b4b1a446ccc735421bd08a2ae529a8b88597d3de5664ee360
# contourpy-1.4.0-cp312-cp312-macosx_11_0_arm64.whl
contourpy==1.4.0 \
    --hash=sha256:c76f3a5318164db7d9401132fc1b5364b784c613c93fa506e3b5e6d1bf353ec8
# cycler-0.12.1-py3-none-any.whl
cycler==0.12.1 \
    --hash=sha256:85cef7cff222d8644161529808465972e51340599459b8ac3ccbac5a854e0d30
# filelock-4.0.1-py3-none-any.whl
filelock==4.0.1 \
    --hash=sha256:481a321a27bef441e23c53371c6abc8d7d16e26b97090074ba44f7538a3fd55a
# flatbuffers-25.12.19-py2.py3-none-any.whl
flatbuffers==25.12.19 \
    --hash=sha256:7634f50c427838bb021c2d66a3d1168e9d199b0607e6329399f04846d42e20b4
# fonttools-4.65.0-cp312-cp312-macosx_10_13_universal2.whl
fonttools==4.65.0 \
    --hash=sha256:e844a45c9e5ced6536f184cf1a65b5d65e8f7e711993b413e10500a8223622e5
# fsspec-2026.9.0-py3-none-any.whl
fsspec==2026.9.0 \
    --hash=sha256:8dd6e646e99ea382bd85f97a45e6b526a442d79423a7dc673f1e2756d05fcb5f
# ftfy-6.3.1-py3-none-any.whl
ftfy==6.3.1 \
    --hash=sha256:7c70eb532015cd2f9adb53f101fb6c7945988d023a085d127d1573dc49dd0083
# h11-0.16.0-py3-none-any.whl
h11==0.16.0 \
    --hash=sha256:63cf8bbe7522de3bf65932fda1d9c2772064ffb3dae62d55932da54b31cb6c86
# hf_xet-1.6.0-cp38-abi3-macosx_11_0_arm64.whl
hf-xet==1.6.0 \
    --hash=sha256:f0906082d9932ae0c0057fa194041c22b4e2cdb46b2592ef3b91f020d62a081a
# httpcore-1.0.9-py3-none-any.whl
httpcore==1.0.9 \
    --hash=sha256:2d400746a40668fc9dec9810239072b40b4484b640a8c38fd654a024c7a1bf55
# httpx-0.28.1-py3-none-any.whl
httpx==0.28.1 \
    --hash=sha256:d909fcccc110f8c7faf814ca82a9a4d816bc5a6dbfea25d6591d6985b8ba59ad
# huggingface_hub-1.31.0-py3-none-any.whl
huggingface_hub==1.31.0 \
    --hash=sha256:9dbb6a503cbe2494ea666695207e7262d410659e09134059deb83e5480864667
# idna-3.20-py3-none-any.whl
idna==3.20 \
    --hash=sha256:ab7ae7122974553370f0bdb919e1a960b2cd1bc1ef0276416d896db81c14582c
# ImageHash-4.3.2-py2.py3-none-any.whl
ImageHash==4.3.2 \
    --hash=sha256:02b0f965f8c77cd813f61d7d39031ea27d4780e7ebcad56c6cd6a709acc06e5f
# jax-0.11.2-py3-none-any.whl
jax==0.11.2 \
    --hash=sha256:59e7ed9bd9ace049f4856752fe580c890e0164e1c023f40fadac386408daad66
# jaxlib-0.11.2-cp312-cp312-macosx_11_0_arm64.whl
jaxlib==0.11.2 \
    --hash=sha256:eca80e745b7623369a76b5f685676ec233a33a55d69f60fa7e57cbefcfd47adc
# jinja2-3.1.6-py3-none-any.whl
Jinja2==3.1.6 \
    --hash=sha256:85ece4451f492d0c13c5dd7c13a64681a86afae63a5f347908daf103ce6d2f67
# kiwisolver-1.5.1-cp312-cp312-macosx_11_0_arm64.whl
kiwisolver==1.5.1 \
    --hash=sha256:1798e83840c3f627246104c4d8a9639c60fa068adf9ce92b61791781fa8a68c1
# markupsafe-3.0.3-cp312-cp312-macosx_11_0_arm64.whl
MarkupSafe==3.0.3 \
    --hash=sha256:1872df69a4de6aead3491198eaf13810b565bdbeec3ae2dc8780f14458ec73ce
# matplotlib-3.11.2-cp312-cp312-macosx_11_0_arm64.whl
matplotlib==3.11.2 \
    --hash=sha256:ef31985c4dedb5f1424e1aec6849a47dd37689cb7fa3c20b1b82187f26806261
# mediapipe-0.10.14-cp312-cp312-macosx_11_0_universal2.whl
mediapipe==0.10.14 \
    --hash=sha256:aa2298c1886716cde6bd7ce96aba1505d67d52edaba856f6c2e1ab905de52b0d
# ml_dtypes-0.6.0-cp312-cp312-macosx_10_13_universal2.whl
ml_dtypes==0.6.0 \
    --hash=sha256:5359c588cc62de6f78d7430f06b65853d884955494d86d6ad90b6dd64a3f3a08
# mpmath-1.3.0-py3-none-any.whl
mpmath==1.3.0 \
    --hash=sha256:a0b2b9fe80bbcd81a6647ff13108738cfb482d481d826cc0e02f5b35e5c88d2c
# networkx-3.7-py3-none-any.whl
networkx==3.7 \
    --hash=sha256:e3fd2c13a7814cee3746340d8d7f8598a67f16a58bf47fb7f8793fab6efca1b0
# numpy-2.5.3-cp312-cp312-macosx_14_0_arm64.whl
numpy==2.5.3 \
    --hash=sha256:a72f874bc9e10e4b8f80426fb49716d5141f64442a0c8418065093ec8017fbb0
# open_clip_torch-3.3.0-py3-none-any.whl
open_clip_torch==3.3.0 \
    --hash=sha256:c549ad5ed6bfc119cc11105033c0a2b9d7a2a4afeb40a58a09aab3da1a0043ce
# opencv_contrib_python-5.0.0.93-cp312-cp312-macosx_13_0_arm64.whl
#   Not on PyPI. The published wheel carries a GPL-configured FFmpeg, which a
#   bundle we hand out may not contain; app/tools/build-opencv.sh builds this one
#   from the same source with -DWITH_FFMPEG=OFF. STAGE=lock keeps these two lines.
opencv-contrib-python @ https://github.com/nickcupo/first-edit/releases/download/opencv-5.0.0.93-nogpl/opencv_contrib_python-5.0.0.93-cp312-cp312-macosx_13_0_arm64.whl \
    --hash=sha256:b73406ca74d5242cf5bfbb2e3c3d992f6c100207b935f0578697d1a1aa483d16
# opencv_python_headless-5.0.0.93-cp312-cp312-macosx_13_0_arm64.whl
#   Not on PyPI. The published wheel carries a GPL-configured FFmpeg, which a
#   bundle we hand out may not contain; app/tools/build-opencv.sh builds this one
#   from the same source with -DWITH_FFMPEG=OFF. STAGE=lock keeps these two lines.
opencv-python-headless @ https://github.com/nickcupo/first-edit/releases/download/opencv-5.0.0.93-nogpl/opencv_python_headless-5.0.0.93-cp312-cp312-macosx_13_0_arm64.whl \
    --hash=sha256:25f82b874792815543091412c499c3056e869dad82c5521992520c64c973b55d
# opt_einsum-3.4.0-py3-none-any.whl
opt_einsum==3.4.0 \
    --hash=sha256:69bb92469f86a1565195ece4ac0323943e83477171b91d24c35afe028a90d7cd
# packaging-26.3-py3-none-any.whl
packaging==26.3 \
    --hash=sha256:d7193f7c8e4e93f444fde0262bf90af30e16fa0ad0ad44cb553c87339b23cd1c
# pillow-12.3.0-cp312-cp312-macosx_11_0_arm64.whl
pillow==12.3.0 \
    --hash=sha256:ffd0c5368496f41b0944be820fcb7a838aa6e623d250b01acf2643939c3f99d7
# protobuf-4.25.9-cp37-abi3-macosx_10_9_universal2.whl
protobuf==4.25.9 \
    --hash=sha256:9560813560e6ee72c11ca8873878bdb7ee003c96a57ebb013245fe84e2540904
# pycparser-3.0-py3-none-any.whl
pycparser==3.0 \
    --hash=sha256:b727414169a36b7d524c1c3e31839a521725078d7b2ff038656844266160a992
# pyparsing-3.3.3-py3-none-any.whl
pyparsing==3.3.3 \
    --hash=sha256:ece8c00a69cf01b45d0b1dedabb469c90d8caf996d4fda40f147627a122849a4
# python_dateutil-2.9.0.post0-py2.py3-none-any.whl
python-dateutil==2.9.0.post0 \
    --hash=sha256:a8b2bc7bffae282281c8140a97d3aa9c14da0b136dfe83f850eea9a5f7470427
# pywavelets-1.10.0-cp312-cp312-macosx_11_0_arm64.whl
PyWavelets==1.10.0 \
    --hash=sha256:ba9e246d5f6e03ce051f07d448d1ba89691ea4815cf8df4f4a5831832a43c0b0
# pyyaml-6.0.3-cp312-cp312-macosx_11_0_arm64.whl
PyYAML==6.0.3 \
    --hash=sha256:fc09d0aa354569bc501d4e787133afc08552722d3ab34836a80547331bb5d4a0
# rawpy-0.27.1-cp312-cp312-macosx_11_0_arm64.whl
rawpy==0.27.1 \
    --hash=sha256:9c5c7b396283301ddd8e04100091624a371c4f9bb2ee79fd33d21e1b6c244009
# regex-2026.9.10-cp312-cp312-macosx_11_0_arm64.whl
regex==2026.9.10 \
    --hash=sha256:866de9f98df0611d7b62b3a8729d3284a64c0cc6edd90bb95a533e443a4939cb
# safetensors-0.8.0-cp310-abi3-macosx_11_0_arm64.whl
safetensors==0.8.0 \
    --hash=sha256:c80201d22cbf405b80647a60ada77bba06c8fba2da2743ba1e89cdcc39a81f25
# scipy-1.18.1-cp312-cp312-macosx_14_0_arm64.whl
scipy==1.18.1 \
    --hash=sha256:7bbf207c4453ce1ad2e00b17313852b33310b83090c2311bdaf97f93c0380d12
# setuptools-84.0.0-py3-none-any.whl
setuptools==84.0.0 \
    --hash=sha256:51a52592b3b99e102b609654876bd65f19f999935166d1352678931132b0c670
# six-1.17.0-py2.py3-none-any.whl
six==1.17.0 \
    --hash=sha256:4721f391ed90541fddacab5acf947aa0d3dc7d27b2e1e8eda2be8970586c3274
# sounddevice-0.5.6-py3-none-macosx_10_6_x86_64.macosx_10_6_universal2.whl
sounddevice==0.5.6 \
    --hash=sha256:e3aef00ad8b1d1740eb66d9a7671eab88a4d2b8fa4ab33498d742e63b65c309c
# sympy-1.14.0-py3-none-any.whl
sympy==1.14.0 \
    --hash=sha256:e091cc3e99d2141a0ba2847328f5479b05d94a6635cb96148ccb3f34671bd8f5
# timm-1.0.29-py3-none-any.whl
timm==1.0.29 \
    --hash=sha256:4266486e355c9beb9432e689de580d09e2efe7fa92a9a79e76c03e7763eac724
# torch-2.14.0-cp312-cp312-macosx_14_0_arm64.whl
torch==2.14.0 \
    --hash=sha256:c1f844f1c750e87df4b68bc3afbc0e2b0c7ef19d7b8f666e48bdcf6a0c4f0056
# torchvision-0.29.0-cp312-cp312-macosx_14_0_arm64.whl
torchvision==0.29.0 \
    --hash=sha256:994687b818cac0e6d34cb407a41458e2c3262cb7db927465841c9522ba7ebb92
# tqdm-4.70.1-py3-none-any.whl
tqdm==4.70.1 \
    --hash=sha256:c293e525e6fef9c20e8728fd4612df02a0aa31bb5fe91ecd93e123b1b7bffa73
# typing_extensions-4.16.0-py3-none-any.whl
typing_extensions==4.16.0 \
    --hash=sha256:481caa481374e813c1b176ada14e97f1f67a4539ce9cfeb3f350d78d6370c2e8
# wcwidth-0.8.4-py3-none-any.whl
wcwidth==0.8.4 \
    --hash=sha256:2097bb1d28a0ba8fe177c2eb607317f9b1627b03f33ebebfd3da670b337a65ba
